// !$*UTF8*$!
{
	archiveVersion = 1;
	classes = {
	};
	objectVersion = 48;
	objects = {

/* Begin PBXBuildFile section */
		08E7111CF2FCE9C91FC018BC /* libPods-behance.a in Frameworks */ = {isa = PBXBuildFile; fileRef = EE48D543643B088F908CEC7A /* libPods-behance.a */; };
		61372D0F1F7A318D00EC45F6 /* wait.gif in Resources */ = {isa = PBXBuildFile; fileRef = 61372D0E1F7A2E5700EC45F6 /* wait.gif */; };
		6138C6852079FDA70053DCDE /* WindowController.m in Sources */ = {isa = PBXBuildFile; fileRef = 6138C6832079FDA70053DCDE /* WindowController.m */; };
		6193D1DF1F78F7B400B4C101 /* AppDelegate.m in Sources */ = {isa = PBXBuildFile; fileRef = 6193D1DE1F78F7B400B4C101 /* AppDelegate.m */; };
		6193D1E21F78F7B400B4C101 /* ViewController.m in Sources */ = {isa = PBXBuildFile; fileRef = 6193D1E11F78F7B400B4C101 /* ViewController.m */; };
		6193D1E41F78F7B400B4C101 /* Assets.xcassets in Resources */ = {isa = PBXBuildFile; fileRef = 6193D1E31F78F7B400B4C101 /* Assets.xcassets */; };
		6193D1E71F78F7B400B4C101 /* Main.storyboard in Resources */ = {isa = PBXBuildFile; fileRef = 6193D1E51F78F7B400B4C101 /* Main.storyboard */; };
		6193D1EA1F78F7B400B4C101 /* main.m in Sources */ = {isa = PBXBuildFile; fileRef = 6193D1E91F78F7B400B4C101 /* main.m */; };
		6193D1F41F790BDB00B4C101 /* https.cer in Resources */ = {isa = PBXBuildFile; fileRef = 6193D1F31F790B4900B4C101 /* https.cer */; };
		61E6CC0A1F8CFF0300D8B2A1 /* GRNavigationController.m in Sources */ = {isa = PBXBuildFile; fileRef = 61E6CC041F8CFD8600D8B2A1 /* GRNavigationController.m */; };
		61E6CC0B1F8CFF0600D8B2A1 /* GRViewController.m in Sources */ = {isa = PBXBuildFile; fileRef = 61E6CC011F8CFD8600D8B2A1 /* GRViewController.m */; };
/* End PBXBuildFile section */

/* Begin PBXFileReference section */
		4750EA6F2BE2160AEADC962A /* Pods-behance.release.xcconfig */ = {isa = PBXFileReference; includeInIndex = 1; lastKnownFileType = text.xcconfig; name = "Pods-behance.release.xcconfig"; path = "Pods/Target Support Files/Pods-behance/Pods-behance.release.xcconfig"; sourceTree = "<group>"; };
		61372D0E1F7A2E5700EC45F6 /* wait.gif */ = {isa = PBXFileReference; lastKnownFileType = image.gif; path = wait.gif; sourceTree = "<group>"; };
		6138C6832079FDA70053DCDE /* WindowController.m */ = {isa = PBXFileReference; fileEncoding = 4; lastKnownFileType = sourcecode.c.objc; path = WindowController.m; sourceTree = "<group>"; };
		6138C6842079FDA70053DCDE /* WindowController.h */ = {isa = PBXFileReference; fileEncoding = 4; lastKnownFileType = sourcecode.c.h; path = WindowController.h; sourceTree = "<group>"; };
		6193D1DA1F78F7B400B4C101 /* behance.app */ = {isa = PBXFileReference; explicitFileType = wrapper.application; includeInIndex = 0; path = behance.app; sourceTree = BUILT_PRODUCTS_DIR; };
		6193D1DD1F78F7B400B4C101 /* AppDelegate.h */ = {isa = PBXFileReference; lastKnownFileType = sourcecode.c.h; path = AppDelegate.h; sourceTree = "<group>"; };
		6193D1DE1F78F7B400B4C101 /* AppDelegate.m */ = {isa = PBXFileReference; lastKnownFileType = sourcecode.c.objc; path = AppDelegate.m; sourceTree = "<group>"; };
		6193D1E01F78F7B400B4C101 /* ViewController.h */ = {isa = PBXFileReference; lastKnownFileType = sourcecode.c.h; path = ViewController.h; sourceTree = "<group>"; };
		6193D1E11F78F7B400B4C101 /* ViewController.m */ = {isa = PBXFileReference; lastKnownFileType = sourcecode.c.objc; path = ViewController.m; sourceTree = "<group>"; };
		6193D1E31F78F7B400B4C101 /* Assets.xcassets */ = {isa = PBXFileReference; lastKnownFileType = folder.assetcatalog; path = Assets.xcassets; sourceTree = "<group>"; };
		6193D1E61F78F7B400B4C101 /* Base */ = {isa = PBXFileReference; lastKnownFileType = file.storyboard; name = Base; path = Base.lproj/Main.storyboard; sourceTree = "<group>"; };
		6193D1E81F78F7B400B4C101 /* Info.plist */ = {isa = PBXFileReference; lastKnownFileType = text.plist.xml; path = Info.plist; sourceTree = "<group>"; };
		6193D1E91F78F7B400B4C101 /* main.m */ = {isa = PBXFileReference; lastKnownFileType = sourcecode.c.objc; path = main.m; sourceTree = "<group>"; };
		6193D1EB1F78F7B400B4C101 /* behance.entitlements */ = {isa = PBXFileReference; lastKnownFileType = text.plist.entitlements; path = behance.entitlements; sourceTree = "<group>"; };
		6193D1F31F790B4900B4C101 /* https.cer */ = {isa = PBXFileReference; lastKnownFileType = file; path = https.cer; sourceTree = "<group>"; };
		61E6CC011F8CFD8600D8B2A1 /* GRViewController.m */ = {isa = PBXFileReference; lastKnownFileType = sourcecode.c.objc; path = GRViewController.m; sourceTree = "<group>"; };
		61E6CC021F8CFD8600D8B2A1 /* GRNavigationController.h */ = {isa = PBXFileReference; lastKnownFileType = sourcecode.c.h; path = GRNavigationController.h; sourceTree = "<group>"; };
		61E6CC031F8CFD8600D8B2A1 /* GRViewController.h */ = {isa = PBXFileReference; lastKnownFileType = sourcecode.c.h; path = GRViewController.h; sourceTree = "<group>"; };
		61E6CC041F8CFD8600D8B2A1 /* GRNavigationController.m */ = {isa = PBXFileReference; lastKnownFileType = sourcecode.c.objc; path = GRNavigationController.m; sourceTree = "<group>"; };
		9C3EED3B11244DB2A31CB55C /* Pods-behance.debug.xcconfig */ = {isa = PBXFileReference; includeInIndex = 1; lastKnownFileType = text.xcconfig; name = "Pods-behance.debug.xcconfig"; path = "Pods/Target Support Files/Pods-behance/Pods-behance.debug.xcconfig"; sourceTree = "<group>"; };
		EE48D543643B088F908CEC7A /* libPods-behance.a */ = {isa = PBXFileReference; explicitFileType = archive.ar; includeInIndex = 0; path = "libPods-behance.a"; sourceTree = BUILT_PRODUCTS_DIR; };
/* End PBXFileReference section */

/* Begin PBXFrameworksBuildPhase section */
		6193D1D71F78F7B400B4C101 /* Frameworks */ = {
			isa = PBXFrameworksBuildPhase;
			buildActionMask = 2147483647;
			files = (
				08E7111CF2FCE9C91FC018BC /* libPods-behance.a in Frameworks */,
			);
			runOnlyForDeploymentPostprocessing = 0;
		};
/* End PBXFrameworksBuildPhase section */

/* Begin PBXGroup section */
		2296425B127F97DCE67E5EF2 /* Frameworks */ = {
			isa = PBXGroup;
			children = (
				EE48D543643B088F908CEC7A /* libPods-behance.a */,
			);
			name = Frameworks;
			sourceTree = "<group>";
		};
		6193D1D11F78F7B400B4C101 = {
			isa = PBXGroup;
			children = (
				6193D1DC1F78F7B400B4C101 /* behance */,
				6193D1DB1F78F7B400B4C101 /* Products */,
				6A0D44D5CE45B09CA5F85A8B /* Pods */,
				2296425B127F97DCE67E5EF2 /* Frameworks */,
			);
			sourceTree = "<group>";
		};
		6193D1DB1F78F7B400B4C101 /* Products */ = {
			isa = PBXGroup;
			children = (
				6193D1DA1F78F7B400B4C101 /* behance.app */,
			);
			name = Products;
			sourceTree = "<group>";
		};
		6193D1DC1F78F7B400B4C101 /* behance */ = {
			isa = PBXGroup;
			children = (
				61E6CC001F8CFD8600D8B2A1 /* GRNavigationController */,
				6193D1DD1F78F7B400B4C101 /* AppDelegate.h */,
				6193D1DE1F78F7B400B4C101 /* AppDelegate.m */,
				6193D1E01F78F7B400B4C101 /* ViewController.h */,
				6193D1E11F78F7B400B4C101 /* ViewController.m */,
				6138C6842079FDA70053DCDE /* WindowController.h */,
				6138C6832079FDA70053DCDE /* WindowController.m */,
				6193D1E31F78F7B400B4C101 /* Assets.xcassets */,
				61372D0E1F7A2E5700EC45F6 /* wait.gif */,
				6193D1F31F790B4900B4C101 /* https.cer */,
				6193D1E51F78F7B400B4C101 /* Main.storyboard */,
				6193D1E81F78F7B400B4C101 /* Info.plist */,
				6193D1E91F78F7B400B4C101 /* main.m */,
				6193D1EB1F78F7B400B4C101 /* behance.entitlements */,
			);
			path = behance;
			sourceTree = "<group>";
		};
		61E6CC001F8CFD8600D8B2A1 /* GRNavigationController */ = {
			isa = PBXGroup;
			children = (
				61E6CC011F8CFD8600D8B2A1 /* GRViewController.m */,
				61E6CC021F8CFD8600D8B2A1 /* GRNavigationController.h */,
				61E6CC031F8CFD8600D8B2A1 /* GRViewController.h */,
				61E6CC041F8CFD8600D8B2A1 /* GRNavigationController.m */,
			);
			path = GRNavigationController;
			sourceTree = "<group>";
		};
		6A0D44D5CE45B09CA5F85A8B /* Pods */ = {
			isa = PBXGroup;
			children = (
				9C3EED3B11244DB2A31CB55C /* Pods-behance.debug.xcconfig */,
				4750EA6F2BE2160AEADC962A /* Pods-behance.release.xcconfig */,
			);
			name = Pods;
			sourceTree = "<group>";
		};
/* End PBXGroup section */

/* Begin PBXNativeTarget section */
		6193D1D91F78F7B400B4C101 /* behance */ = {
			isa = PBXNativeTarget;
			buildConfigurationList = 6193D1EE1F78F7B400B4C101 /* Build configuration list for PBXNativeTarget "behance" */;
			buildPhases = (
				A7267FB2AD73AE42AF7ED975 /* [CP] Check Pods Manifest.lock */,
				6193D1D61F78F7B400B4C101 /* Sources */,
				6193D1D71F78F7B400B4C101 /* Frameworks */,
				6193D1D81F78F7B400B4C101 /* Resources */,
				EAC7EB298B2FC5A4D0A0CFCE /* [CP] Embed Pods Frameworks */,
				A8530DD1F8A56C501C5A29BB /* [CP] Copy Pods Resources */,
			);
			buildRules = (
			);
			dependencies = (
			);
			name = behance;
			productName = behance;
			productReference = 6193D1DA1F78F7B400B4C101 /* behance.app */;
			productType = "com.apple.product-type.application";
		};
/* End PBXNativeTarget section */

/* Begin PBXProject section */
		6193D1D21F78F7B400B4C101 /* Project object */ = {
			isa = PBXProject;
			attributes = {
				LastUpgradeCheck = 0900;
				ORGANIZATIONNAME = "214644496@qq.com";
				TargetAttributes = {
					6193D1D91F78F7B400B4C101 = {
						CreatedOnToolsVersion = 9.0;
						ProvisioningStyle = Automatic;
						SystemCapabilities = {
							com.apple.Sandbox = {
								enabled = 1;
							};
						};
					};
				};
			};
			buildConfigurationList = 6193D1D51F78F7B400B4C101 /* Build configuration list for PBXProject "behance" */;
			compatibilityVersion = "Xcode 8.0";
			developmentRegion = en;
			hasScannedForEncodings = 0;
			knownRegions = (
				en,
				Base,
			);
			mainGroup = 6193D1D11F78F7B400B4C101;
			productRefGroup = 6193D1DB1F78F7B400B4C101 /* Products */;
			projectDirPath = "";
			projectRoot = "";
			targets = (
				6193D1D91F78F7B400B4C101 /* behance */,
			);
		};
/* End PBXProject section */

/* Begin PBXResourcesBuildPhase section */
		6193D1D81F78F7B400B4C101 /* Resources */ = {
			isa = PBXResourcesBuildPhase;
			buildActionMask = 2147483647;
			files = (
				6193D1E41F78F7B400B4C101 /* Assets.xcassets in Resources */,
				61372D0F1F7A318D00EC45F6 /* wait.gif in Resources */,
				6193D1F41F790BDB00B4C101 /* https.cer in Resources */,
				6193D1E71F78F7B400B4C101 /* Main.storyboard in Resources */,
			);
			runOnlyForDeploymentPostprocessing = 0;
		};
/* End PBXResourcesBuildPhase section */

/* Begin PBXShellScriptBuildPhase section */
		A7267FB2AD73AE42AF7ED975 /* [CP] Check Pods Manifest.lock */ = {
			isa = PBXShellScriptBuildPhase;
			buildActionMask = 2147483647;
			files = (
			);
			inputPaths = (
			);
			name = "[CP] Check Pods Manifest.lock";
			outputPaths = (
			);
			runOnlyForDeploymentPostprocessing = 0;
			shellPath = /bin/sh;
			shellScript = "diff \"${PODS_PODFILE_DIR_PATH}/Podfile.lock\" \"${PODS_ROOT}/Manifest.lock\" > /dev/null\nif [ $? != 0 ] ; then\n    # print error to STDERR\n    echo \"error: The sandbox is not in sync with the Podfile.lock. Run 'pod install' or update your CocoaPods installation.\" >&2\n    exit 1\nfi\n";
			showEnvVarsInLog = 0;
		};
		A8530DD1F8A56C501C5A29BB /* [CP] Copy Pods Resources */ = {
			isa = PBXShellScriptBuildPhase;
			buildActionMask = 2147483647;
			files = (
			);
			inputPaths = (
			);
			name = "[CP] Copy Pods Resources";
			outputPaths = (
			);
			runOnlyForDeploymentPostprocessing = 0;
			shellPath = /bin/sh;
			shellScript = "\"${SRCROOT}/Pods/Target Support Files/Pods-behance/Pods-behance-resources.sh\"\n";
			showEnvVarsInLog = 0;
		};
		EAC7EB298B2FC5A4D0A0CFCE /* [CP] Embed Pods Frameworks */ = {
			isa = PBXShellScriptBuildPhase;
			buildActionMask = 2147483647;
			files = (
			);
			inputPaths = (
			);
			name = "[CP] Embed Pods Frameworks";
			outputPaths = (
			);
			runOnlyForDeploymentPostprocessing = 0;
			shellPath = /bin/sh;
			shellScript = "\"${SRCROOT}/Pods/Target Support Files/Pods-behance/Pods-behance-frameworks.sh\"\n";
			showEnvVarsInLog = 0;
		};
/* End PBXShellScriptBuildPhase section */

/* Begin PBXSourcesBuildPhase section */
		6193D1D61F78F7B400B4C101 /* Sources */ = {
			isa = PBXSourcesBuildPhase;
			buildActionMask = 2147483647;
			files = (
				61E6CC0B1F8CFF0600D8B2A1 /* GRViewController.m in Sources */,
				6138C6852079FDA70053DCDE /* WindowController.m in Sources */,
				6193D1E21F78F7B400B4C101 /* ViewController.m in Sources */,
				61E6CC0A1F8CFF0300D8B2A1 /* GRNavigationController.m in Sources */,
				6193D1EA1F78F7B400B4C101 /* main.m in Sources */,
				6193D1DF1F78F7B400B4C101 /* AppDelegate.m in Sources */,
			);
			runOnlyForDeploymentPostprocessing = 0;
		};
/* End PBXSourcesBuildPhase section */

/* Begin PBXVariantGroup section */
		6193D1E51F78F7B400B4C101 /* Main.storyboard */ = {
			isa = PBXVariantGroup;
			children = (
				6193D1E61F78F7B400B4C101 /* Base */,
			);
			name = Main.storyboard;
			sourceTree = "<group>";
		};
/* End PBXVariantGroup section */

/* Begin XCBuildConfiguration section */
		6193D1EC1F78F7B400B4C101 /* Debug */ = {
			isa = XCBuildConfiguration;
			buildSettings = {
				ALWAYS_SEARCH_USER_PATHS = NO;
				CLANG_ANALYZER_NONNULL = YES;
				CLANG_ANALYZER_NUMBER_OBJECT_CONVERSION = YES_AGGRESSIVE;
				CLANG_CXX_LANGUAGE_STANDARD = "gnu++14";
				CLANG_CXX_LIBRARY = "libc++";
				CLANG_ENABLE_MODULES = YES;
				CLANG_ENABLE_OBJC_ARC = YES;
				CLANG_WARN_BLOCK_CAPTURE_AUTORELEASING = YES;
				CLANG_WARN_BOOL_CONVERSION = YES;
				CLANG_WARN_COMMA = YES;
				CLANG_WARN_CONSTANT_CONVERSION = YES;
				CLANG_WARN_DIRECT_OBJC_ISA_USAGE = YES_ERROR;
				CLANG_WARN_DOCUMENTATION_COMMENTS = YES;
				CLANG_WARN_EMPTY_BODY = YES;
				CLANG_WARN_ENUM_CONVERSION = YES;
				CLANG_WARN_INFINITE_RECURSION = YES;
				CLANG_WARN_INT_CONVERSION = YES;
				CLANG_WARN_NON_LITERAL_NULL_CONVERSION = YES;
				CLANG_WARN_OBJC_LITERAL_CONVERSION = YES;
				CLANG_WARN_OBJC_ROOT_CLASS = YES_ERROR;
				CLANG_WARN_RANGE_LOOP_ANALYSIS = YES;
				CLANG_WARN_STRICT_PROTOTYPES = YES;
				CLANG_WARN_SUSPICIOUS_MOVE = YES;
				CLANG_WARN_UNGUARDED_AVAILABILITY = YES_AGGRESSIVE;
				CLANG_WARN_UNREACHABLE_CODE = YES;
				CLANG_WARN__DUPLICATE_METHOD_MATCH = YES;
				CODE_SIGN_IDENTITY = "Mac Developer";
				COPY_PHASE_STRIP = NO;
				DEBUG_INFORMATION_FORMAT = dwarf;
				ENABLE_STRICT_OBJC_MSGSEND = YES;
				ENABLE_TESTABILITY = YES;
				GCC_C_LANGUAGE_STANDARD = gnu11;
				GCC_DYNAMIC_NO_PIC = NO;
				GCC_NO_COMMON_BLOCKS = YES;
				GCC_OPTIMIZATION_LEVEL = 0;
				GCC_PREPROCESSOR_DEFINITIONS = (
					"DEBUG=1",
					"$(inherited)",
				);
				GCC_WARN_64_TO_32_BIT_CONVERSION = YES;
				GCC_WARN_ABOUT_RETURN_TYPE = YES_ERROR;
				GCC_WARN_UNDECLARED_SELECTOR = YES;
				GCC_WARN_UNINITIALIZED_AUTOS = YES_AGGRESSIVE;
				GCC_WARN_UNUSED_FUNCTION = YES;
				GCC_WARN_UNUSED_VARIABLE = YES;
				MACOSX_DEPLOYMENT_TARGET = 10.12;
				MTL_ENABLE_DEBUG_INFO = YES;
				ONLY_ACTIVE_ARCH = YES;
				SDKROOT = macosx;
			};
			name = Debug;
		};
		6193D1ED1F78F7B400B4C101 /* Release */ = {
			isa = XCBuildConfiguration;
			buildSettings = {
				ALWAYS_SEARCH_USER_PATHS = NO;
				CLANG_ANALYZER_NONNULL = YES;
				CLANG_ANALYZER_NUMBER_OBJECT_CONVERSION = YES_AGGRESSIVE;
				CLANG_CXX_LANGUAGE_STANDARD = "gnu++14";
				CLANG_CXX_LIBRARY = "libc++";
				CLANG_ENABLE_MODULES = YES;
				CLANG_ENABLE_OBJC_ARC = YES;
				CLANG_WARN_BLOCK_CAPTURE_AUTORELEASING = YES;
				CLANG_WARN_BOOL_CONVERSION = YES;
				CLANG_WARN_COMMA = YES;
				CLANG_WARN_CONSTANT_CONVERSION = YES;
				CLANG_WARN_DIRECT_OBJC_ISA_USAGE = YES_ERROR;
				CLANG_WARN_DOCUMENTATION_COMMENTS = YES;
				CLANG_WARN_EMPTY_BODY = YES;
				CLANG_WARN_ENUM_CONVERSION = YES;
				CLANG_WARN_INFINITE_RECURSION = YES;
				CLANG_WARN_INT_CONVERSION = YES;
				CLANG_WARN_NON_LITERAL_NULL_CONVERSION = YES;
				CLANG_WARN_OBJC_LITERAL_CONVERSION = YES;
				CLANG_WARN_OBJC_ROOT_CLASS = YES_ERROR;
				CLANG_WARN_RANGE_LOOP_ANALYSIS = YES;
				CLANG_WARN_STRICT_PROTOTYPES = YES;
				CLANG_WARN_SUSPICIOUS_MOVE = YES;
				CLANG_WARN_UNGUARDED_AVAILABILITY = YES_AGGRESSIVE;
				CLANG_WARN_UNREACHABLE_CODE = YES;
				CLANG_WARN__DUPLICATE_METHOD_MATCH = YES;
				CODE_SIGN_IDENTITY = "Mac Developer";
				COPY_PHASE_STRIP = NO;
				DEBUG_INFORMATION_FORMAT = "dwarf-with-dsym";
				ENABLE_NS_ASSERTIONS = NO;
				ENABLE_STRICT_OBJC_MSGSEND = YES;
				GCC_C_LANGUAGE_STANDARD = gnu11;
				GCC_NO_COMMON_BLOCKS = YES;
				GCC_WARN_64_TO_32_BIT_CONVERSION = YES;
				GCC_WARN_ABOUT_RETURN_TYPE = YES_ERROR;
				GCC_WARN_UNDECLARED_SELECTOR = YES;
				GCC_WARN_UNINITIALIZED_AUTOS = YES_AGGRESSIVE;
				GCC_WARN_UNUSED_FUNCTION = YES;
				GCC_WARN_UNUSED_VARIABLE = YES;
				MACOSX_DEPLOYMENT_TARGET = 10.12;
				MTL_ENABLE_DEBUG_INFO = NO;
				SDKROOT = macosx;
			};
			name = Release;
		};
		6193D1EF1F78F7B400B4C101 /* Debug */ = {
			isa = XCBuildConfiguration;
			baseConfigurationReference = 9C3EED3B11244DB2A31CB55C /* Pods-behance.debug.xcconfig */;
			buildSettings = {
				ASSETCATALOG_COMPILER_APPICON_NAME = AppIcon;
				CODE_SIGN_ENTITLEMENTS = behance/behance.entitlements;
				CODE_SIGN_STYLE = Automatic;
				COMBINE_HIDPI_IMAGES = YES;
				DEVELOPMENT_TEAM = NWJM7PNTRW;
				INFOPLIST_FILE = behance/Info.plist;
				LD_RUNPATH_SEARCH_PATHS = "$(inherited) @executable_path/../Frameworks";
				PRODUCT_BUNDLE_IDENTIFIER = com.214644496.behance;
				PRODUCT_NAME = "$(TARGET_NAME)";
			};
			name = Debug;
		};
		6193D1F01F78F7B400B4C101 /* Release */ = {
			isa = XCBuildConfiguration;
			baseConfigurationReference = 4750EA6F2BE2160AEADC962A /* Pods-behance.release.xcconfig */;
			buildSettings = {
				ASSETCATALOG_COMPILER_APPICON_NAME = AppIcon;
				CODE_SIGN_ENTITLEMENTS = behance/behance.entitlements;
				CODE_SIGN_STYLE = Automatic;
				COMBINE_HIDPI_IMAGES = YES;
				DEVELOPMENT_TEAM = NWJM7PNTRW;
				INFOPLIST_FILE = behance/Info.plist;
				LD_RUNPATH_SEARCH_PATHS = "$(inherited) @executable_path/../Frameworks";
				PRODUCT_BUNDLE_IDENTIFIER = com.214644496.behance;
				PRODUCT_NAME = "$(TARGET_NAME)";
			};
			name = Release;
		};
/* End XCBuildConfiguration section */

/* Begin XCConfigurationList section */
		6193D1D51F78F7B400B4C101 /* Build configuration list for PBXProject "behance" */ = {
			isa = XCConfigurationList;
			buildConfigurations = (
				6193D1EC1F78F7B400B4C101 /* Debug */,
				6193D1ED1F78F7B400B4C101 /* Release */,
			);
			defaultConfigurationIsVisible = 0;
			defaultConfigurationName = Release;
		};
		6193D1EE1F78F7B400B4C101 /* Build configuration list for PBXNativeTarget "behance" */ = {
			isa = XCConfigurationList;
			buildConfigurations = (
				6193D1EF1F78F7B400B4C101 /* Debug */,
				6193D1F01F78F7B400B4C101 /* Release */,
			);
			defaultConfigurationIsVisible = 0;
			defaultConfigurationName = Release;
		};
/* End XCConfigurationList section */
	};
	rootObject = 6193D1D21F78F7B400B4C101 /* Project object */;
}
